
Microsoft Visual Studio Solution File, Format Version 12.00
# Visual Studio Version 16
VisualStudioVersion = 16.0.29209.62
MinimumVisualStudioVersion = 10.0.40219.1
Project("{FAE04EC0-301F-11D3-BF4B-00C04F79EFBC}") = "TrippingPortalWebApp", "TrippingPortalWebApp\TrippingPortalWebApp.csproj", "{6234BA8C-6F12-42DB-AEAC-1EDD42743044}"
EndProject
Project("{FAE04EC0-301F-11D3-BF4B-00C04F79EFBC}") = "TrippingPortal.Core", "TrippingPortal.Core\TrippingPortal.Core.csproj", "{CC375862-6BBB-4C8C-AFA7-99FB7650E5DF}"
EndProject
Global
	GlobalSection(SolutionConfigurationPlatforms) = preSolution
		Debug|Any CPU = Debug|Any CPU
		Release|Any CPU = Release|Any CPU
	EndGlobalSection
	GlobalSection(ProjectConfigurationPlatforms) = postSolution
		{6234BA8C-6F12-42DB-AEAC-1EDD42743044}.Debug|Any CPU.ActiveCfg = Debug|Any CPU
		{6234BA8C-6F12-42DB-AEAC-1EDD42743044}.Debug|Any CPU.Build.0 = Debug|Any CPU
		{6234BA8C-6F12-42DB-AEAC-1EDD42743044}.Release|Any CPU.ActiveCfg = Release|Any CPU
		{6234BA8C-6F12-42DB-AEAC-1EDD42743044}.Release|Any CPU.Build.0 = Release|Any CPU
		{CC375862-6BBB-4C8C-AFA7-99FB7650E5DF}.Debug|Any CPU.ActiveCfg = Debug|Any CPU
		{CC375862-6BBB-4C8C-AFA7-99FB7650E5DF}.Debug|Any CPU.Build.0 = Debug|Any CPU
		{CC375862-6BBB-4C8C-AFA7-99FB7650E5DF}.Release|Any CPU.ActiveCfg = Release|Any CPU
		{CC375862-6BBB-4C8C-AFA7-99FB7650E5DF}.Release|Any CPU.Build.0 = Release|Any CPU
	EndGlobalSection
	GlobalSection(SolutionProperties) = preSolution
		HideSolutionNode = FALSE
	EndGlobalSection
	GlobalSection(ExtensibilityGlobals) = postSolution
		SolutionGuid = {739CD46C-AF5F-4798-A3A3-95DB8661E106}
	EndGlobalSection
EndGlobal
